
Microsoft Visual Studio Solution File, Format Version 12.00
# Visual Studio Version 17
VisualStudioVersion = 17.7.34221.43
MinimumVisualStudioVersion = 10.0.40219.1
Project("{FAE04EC0-301F-11D3-BF4B-00C04F79EFBC}") = "HomeWork28Cprohillel", "HomeWork28Cprohillel.csproj", "{751A9991-B704-405D-AAAE-1860E53E3DC6}"
EndProject
Global
	GlobalSection(SolutionConfigurationPlatforms) = preSolution
		Debug|Any CPU = Debug|Any CPU
		Release|Any CPU = Release|Any CPU
	EndGlobalSection
	GlobalSection(ProjectConfigurationPlatforms) = postSolution
		{751A9991-B704-405D-AAAE-1860E53E3DC6}.Debug|Any CPU.ActiveCfg = Debug|Any CPU
		{751A9991-B704-405D-AAAE-1860E53E3DC6}.Debug|Any CPU.Build.0 = Debug|Any CPU
		{751A9991-B704-405D-AAAE-1860E53E3DC6}.Release|Any CPU.ActiveCfg = Release|Any CPU
		{751A9991-B704-405D-AAAE-1860E53E3DC6}.Release|Any CPU.Build.0 = Release|Any CPU
	EndGlobalSection
	GlobalSection(SolutionProperties) = preSolution
		HideSolutionNode = FALSE
	EndGlobalSection
	GlobalSection(ExtensibilityGlobals) = postSolution
		SolutionGuid = {D3034BE4-E445-4029-9C31-5D761801F280}
	EndGlobalSection
EndGlobal
