
Microsoft Visual Studio Solution File, Format Version 12.00
# Visual Studio Version 17
VisualStudioVersion = 17.7.34221.43
MinimumVisualStudioVersion = 10.0.40219.1
Project("{FAE04EC0-301F-11D3-BF4B-00C04F79EFBC}") = "HomeWorkCpro9", "HomeWorkCpro9.csproj", "{D142B8F3-CEF9-4210-BA7A-B1C4118D5611}"
EndProject
Global
	GlobalSection(SolutionConfigurationPlatforms) = preSolution
		Debug|Any CPU = Debug|Any CPU
		Release|Any CPU = Release|Any CPU
	EndGlobalSection
	GlobalSection(ProjectConfigurationPlatforms) = postSolution
		{D142B8F3-CEF9-4210-BA7A-B1C4118D5611}.Debug|Any CPU.ActiveCfg = Debug|Any CPU
		{D142B8F3-CEF9-4210-BA7A-B1C4118D5611}.Debug|Any CPU.Build.0 = Debug|Any CPU
		{D142B8F3-CEF9-4210-BA7A-B1C4118D5611}.Release|Any CPU.ActiveCfg = Release|Any CPU
		{D142B8F3-CEF9-4210-BA7A-B1C4118D5611}.Release|Any CPU.Build.0 = Release|Any CPU
	EndGlobalSection
	GlobalSection(SolutionProperties) = preSolution
		HideSolutionNode = FALSE
	EndGlobalSection
	GlobalSection(ExtensibilityGlobals) = postSolution
		SolutionGuid = {9EB74EEC-D909-4432-AA06-7511FF580027}
	EndGlobalSection
EndGlobal
